// !$*UTF8*$!
{
	archiveVersion = 1;
	classes = {
	};
	objectVersion = 46;
	objects = {

/* Begin PBXBuildFile section */
		492AAC6715F6CF1F001A94AD /* RecordButton1.png in Resources */ = {isa = PBXBuildFile; fileRef = 492AAC6615F6CF1F001A94AD /* RecordButton1.png */; };
		492AAC6A15F6CF3D001A94AD /* musical_note_small.jpeg in Resources */ = {isa = PBXBuildFile; fileRef = 492AAC6915F6CF3D001A94AD /* musical_note_small.jpeg */; };
		492AAC6C15F6D8C6001A94AD /* Silver-Play-Button_small.jpeg in Resources */ = {isa = PBXBuildFile; fileRef = 492AAC6B15F6D8C6001A94AD /* Silver-Play-Button_small.jpeg */; };
		492AAC6F15F6E36B001A94AD /* pause.png in Resources */ = {isa = PBXBuildFile; fileRef = 492AAC6D15F6E36B001A94AD /* pause.png */; };
		492AAC7015F6E36B001A94AD /* play.png in Resources */ = {isa = PBXBuildFile; fileRef = 492AAC6E15F6E36B001A94AD /* play.png */; };
		492AAC7215F6F045001A94AD /* share.jpeg in Resources */ = {isa = PBXBuildFile; fileRef = 492AAC7115F6F045001A94AD /* share.jpeg */; };
		494A3EC41603BA0300E8B0F4 /* HomeTableViewController.m in Sources */ = {isa = PBXBuildFile; fileRef = 494A3EC31603BA0300E8B0F4 /* HomeTableViewController.m */; };
		49540CCC15FB765A00AF4D08 /* button.png in Resources */ = {isa = PBXBuildFile; fileRef = 49540CCB15FB765A00AF4D08 /* button.png */; };
		49540CCF15FB774A00AF4D08 /* RecordButtonPressed.png in Resources */ = {isa = PBXBuildFile; fileRef = 49540CCE15FB774A00AF4D08 /* RecordButtonPressed.png */; };
		49716FA515F8021C00A32FB5 /* RecordButton1Pressed.png in Resources */ = {isa = PBXBuildFile; fileRef = 49716FA415F8021C00A32FB5 /* RecordButton1Pressed.png */; };
		49A5F64315ED7E2D00D3F73F /* UIKit.framework in Frameworks */ = {isa = PBXBuildFile; fileRef = 49A5F64215ED7E2D00D3F73F /* UIKit.framework */; };
		49A5F64515ED7E2D00D3F73F /* Foundation.framework in Frameworks */ = {isa = PBXBuildFile; fileRef = 49A5F64415ED7E2D00D3F73F /* Foundation.framework */; };
		49A5F64715ED7E2D00D3F73F /* CoreGraphics.framework in Frameworks */ = {isa = PBXBuildFile; fileRef = 49A5F64615ED7E2D00D3F73F /* CoreGraphics.framework */; };
		49A5F64D15ED7E2D00D3F73F /* InfoPlist.strings in Resources */ = {isa = PBXBuildFile; fileRef = 49A5F64B15ED7E2D00D3F73F /* InfoPlist.strings */; };
		49A5F64F15ED7E2D00D3F73F /* main.m in Sources */ = {isa = PBXBuildFile; fileRef = 49A5F64E15ED7E2D00D3F73F /* main.m */; };
		49A5F65315ED7E2D00D3F73F /* AppDelegate.m in Sources */ = {isa = PBXBuildFile; fileRef = 49A5F65215ED7E2D00D3F73F /* AppDelegate.m */; };
		49A5F65615ED7E2D00D3F73F /* HomeViewController.m in Sources */ = {isa = PBXBuildFile; fileRef = 49A5F65515ED7E2D00D3F73F /* HomeViewController.m */; };
		49A5F65D15ED7E2D00D3F73F /* TrendingViewController.m in Sources */ = {isa = PBXBuildFile; fileRef = 49A5F65C15ED7E2D00D3F73F /* TrendingViewController.m */; };
		49A5F66415ED7E2D00D3F73F /* HomeViewController.xib in Resources */ = {isa = PBXBuildFile; fileRef = 49A5F66215ED7E2D00D3F73F /* HomeViewController.xib */; };
		49A5F66715ED7E2D00D3F73F /* TrendingViewController.xib in Resources */ = {isa = PBXBuildFile; fileRef = 49A5F66515ED7E2D00D3F73F /* TrendingViewController.xib */; };
		49A5F67015EDAE6200D3F73F /* ContactsViewController.m in Sources */ = {isa = PBXBuildFile; fileRef = 49A5F66E15EDAE6200D3F73F /* ContactsViewController.m */; };
		49A5F67115EDAE6200D3F73F /* ContactsViewController.xib in Resources */ = {isa = PBXBuildFile; fileRef = 49A5F66F15EDAE6200D3F73F /* ContactsViewController.xib */; };
		49A5F67315EDB45400D3F73F /* FakeContacts.plist in Resources */ = {isa = PBXBuildFile; fileRef = 49A5F67215EDB45400D3F73F /* FakeContacts.plist */; };
		49A5F67B15EDC24B00D3F73F /* LoginViewController.m in Sources */ = {isa = PBXBuildFile; fileRef = 49A5F67915EDC24B00D3F73F /* LoginViewController.m */; };
		49A5F67C15EDC24B00D3F73F /* LoginViewController.xib in Resources */ = {isa = PBXBuildFile; fileRef = 49A5F67A15EDC24B00D3F73F /* LoginViewController.xib */; };
		49A5F67E15EDCD0600D3F73F /* fb-login-normal.png in Resources */ = {isa = PBXBuildFile; fileRef = 49A5F67D15EDCD0600D3F73F /* fb-login-normal.png */; };
		49A5F68515F04C1000D3F73F /* FakePosts.plist in Resources */ = {isa = PBXBuildFile; fileRef = 49A5F68415F04C1000D3F73F /* FakePosts.plist */; };
		49A5F68815F05F1C00D3F73F /* AudioPostCell.m in Sources */ = {isa = PBXBuildFile; fileRef = 49A5F68715F05F1C00D3F73F /* AudioPostCell.m */; };
		49A5F68A15F05F6B00D3F73F /* AudioPostCell.xib in Resources */ = {isa = PBXBuildFile; fileRef = 49A5F68915F05F6B00D3F73F /* AudioPostCell.xib */; };
		49A5F68C15F060BE00D3F73F /* IanGillis.jpg in Resources */ = {isa = PBXBuildFile; fileRef = 49A5F68B15F060BE00D3F73F /* IanGillis.jpg */; };
		49A5F68E15F0753600D3F73F /* FakeImages.plist in Resources */ = {isa = PBXBuildFile; fileRef = 49A5F68D15F0753600D3F73F /* FakeImages.plist */; };
		49A5F69015F0785000D3F73F /* jack_daniels.jpg in Resources */ = {isa = PBXBuildFile; fileRef = 49A5F68F15F0784F00D3F73F /* jack_daniels.jpg */; };
		49A5F69215F0785E00D3F73F /* jim_beam.jpg in Resources */ = {isa = PBXBuildFile; fileRef = 49A5F69115F0785E00D3F73F /* jim_beam.jpg */; };
		49A5F69615F0787900D3F73F /* jose_cuervo.jpg in Resources */ = {isa = PBXBuildFile; fileRef = 49A5F69515F0787900D3F73F /* jose_cuervo.jpg */; };
		49A5F69815F0788700D3F73F /* stella.jpg in Resources */ = {isa = PBXBuildFile; fileRef = 49A5F69715F0788700D3F73F /* stella.jpg */; };
		49A5F69A15F078A600D3F73F /* captain_morgan.jpg in Resources */ = {isa = PBXBuildFile; fileRef = 49A5F69915F078A500D3F73F /* captain_morgan.jpg */; };
		49A5F69E15F079AF00D3F73F /* johnnie_walker.jpg in Resources */ = {isa = PBXBuildFile; fileRef = 49A5F69D15F079AF00D3F73F /* johnnie_walker.jpg */; };
		49A5F6A015F079C300D3F73F /* john_jameson.jpg in Resources */ = {isa = PBXBuildFile; fileRef = 49A5F69F15F079C300D3F73F /* john_jameson.jpg */; };
		49A5F6A415F1585800D3F73F /* TalkingToTheMoon.ttf in Resources */ = {isa = PBXBuildFile; fileRef = 49A5F6A215F1585800D3F73F /* TalkingToTheMoon.ttf */; };
		49A5F6AB15F1A39000D3F73F /* FakeSuggestedTopics.plist in Resources */ = {isa = PBXBuildFile; fileRef = 49A5F6A915F1A39000D3F73F /* FakeSuggestedTopics.plist */; };
		49A5F6AC15F1A39000D3F73F /* FakeSuggestedUsers.plist in Resources */ = {isa = PBXBuildFile; fileRef = 49A5F6AA15F1A39000D3F73F /* FakeSuggestedUsers.plist */; };
		49A5F6B015F1A3B200D3F73F /* trendingDown.png in Resources */ = {isa = PBXBuildFile; fileRef = 49A5F6AE15F1A3B200D3F73F /* trendingDown.png */; };
		49A5F6B115F1A3B200D3F73F /* trendingUp.png in Resources */ = {isa = PBXBuildFile; fileRef = 49A5F6AF15F1A3B200D3F73F /* trendingUp.png */; };
		49F572EB15F2670C008C5D8B /* checked.png in Resources */ = {isa = PBXBuildFile; fileRef = 49F572EA15F2670C008C5D8B /* checked.png */; };
		49F572EE15F26722008C5D8B /* unchecked.png in Resources */ = {isa = PBXBuildFile; fileRef = 49F572ED15F26722008C5D8B /* unchecked.png */; };
		49F5730515F52382008C5D8B /* FakeSound.mp3 in Resources */ = {isa = PBXBuildFile; fileRef = 49F5730415F52382008C5D8B /* FakeSound.mp3 */; };
		49F5730C15F526E1008C5D8B /* AudioController.m in Sources */ = {isa = PBXBuildFile; fileRef = 49F5730B15F526E1008C5D8B /* AudioController.m */; };
		49F5730E15F54714008C5D8B /* QuartzCore.framework in Frameworks */ = {isa = PBXBuildFile; fileRef = 49F5730D15F54714008C5D8B /* QuartzCore.framework */; };
		C970262A15F31C8E004B1C50 /* AVFoundation.framework in Frameworks */ = {isa = PBXBuildFile; fileRef = C970262915F31C8E004B1C50 /* AVFoundation.framework */; };
		C993472D15F82A7E00993164 /* Contact.m in Sources */ = {isa = PBXBuildFile; fileRef = C993472C15F82A7D00993164 /* Contact.m */; };
		C997CE6315FE3C060082B342 /* harley_montano.jpg in Resources */ = {isa = PBXBuildFile; fileRef = C997CE6215FE3C060082B342 /* harley_montano.jpg */; };
		C997CE6A15FE3E3B0082B342 /* ashtyn_hemendinger.jpg in Resources */ = {isa = PBXBuildFile; fileRef = C997CE6515FE3E3B0082B342 /* ashtyn_hemendinger.jpg */; };
		C997CE6B15FE3E3B0082B342 /* charles_rawlins.jpg in Resources */ = {isa = PBXBuildFile; fileRef = C997CE6615FE3E3B0082B342 /* charles_rawlins.jpg */; };
		C997CE6C15FE3E3B0082B342 /* emerson_stoldt.jpg in Resources */ = {isa = PBXBuildFile; fileRef = C997CE6715FE3E3B0082B342 /* emerson_stoldt.jpg */; };
		C997CE6D15FE3E3B0082B342 /* junki_nakayama.jpg in Resources */ = {isa = PBXBuildFile; fileRef = C997CE6815FE3E3B0082B342 /* junki_nakayama.jpg */; };
		C997CE6E15FE3E3B0082B342 /* mohit_moondra.jpg in Resources */ = {isa = PBXBuildFile; fileRef = C997CE6915FE3E3B0082B342 /* mohit_moondra.jpg */; };
/* End PBXBuildFile section */

/* Begin PBXFileReference section */
		492AAC6615F6CF1F001A94AD /* RecordButton1.png */ = {isa = PBXFileReference; lastKnownFileType = image.png; path = RecordButton1.png; sourceTree = "<group>"; };
		492AAC6915F6CF3D001A94AD /* musical_note_small.jpeg */ = {isa = PBXFileReference; lastKnownFileType = image.jpeg; path = musical_note_small.jpeg; sourceTree = "<group>"; };
		492AAC6B15F6D8C6001A94AD /* Silver-Play-Button_small.jpeg */ = {isa = PBXFileReference; lastKnownFileType = image.jpeg; path = "Silver-Play-Button_small.jpeg"; sourceTree = "<group>"; };
		492AAC6D15F6E36B001A94AD /* pause.png */ = {isa = PBXFileReference; lastKnownFileType = image.png; path = pause.png; sourceTree = "<group>"; };
		492AAC6E15F6E36B001A94AD /* play.png */ = {isa = PBXFileReference; lastKnownFileType = image.png; path = play.png; sourceTree = "<group>"; };
		492AAC7115F6F045001A94AD /* share.jpeg */ = {isa = PBXFileReference; lastKnownFileType = image.jpeg; path = share.jpeg; sourceTree = "<group>"; };
		494A3EC21603BA0300E8B0F4 /* HomeTableViewController.h */ = {isa = PBXFileReference; fileEncoding = 4; lastKnownFileType = sourcecode.c.h; path = HomeTableViewController.h; sourceTree = "<group>"; };
		494A3EC31603BA0300E8B0F4 /* HomeTableViewController.m */ = {isa = PBXFileReference; fileEncoding = 4; lastKnownFileType = sourcecode.c.objc; path = HomeTableViewController.m; sourceTree = "<group>"; };
		49540CCB15FB765A00AF4D08 /* button.png */ = {isa = PBXFileReference; lastKnownFileType = image.png; path = button.png; sourceTree = "<group>"; };
		49540CCE15FB774A00AF4D08 /* RecordButtonPressed.png */ = {isa = PBXFileReference; lastKnownFileType = image.png; path = RecordButtonPressed.png; sourceTree = "<group>"; };
		49716FA415F8021C00A32FB5 /* RecordButton1Pressed.png */ = {isa = PBXFileReference; lastKnownFileType = image.png; path = RecordButton1Pressed.png; sourceTree = "<group>"; };
		49A5F63E15ED7E2D00D3F73F /* grapevine.app */ = {isa = PBXFileReference; explicitFileType = wrapper.application; includeInIndex = 0; path = grapevine.app; sourceTree = BUILT_PRODUCTS_DIR; };
		49A5F64215ED7E2D00D3F73F /* UIKit.framework */ = {isa = PBXFileReference; lastKnownFileType = wrapper.framework; name = UIKit.framework; path = System/Library/Frameworks/UIKit.framework; sourceTree = SDKROOT; };
		49A5F64415ED7E2D00D3F73F /* Foundation.framework */ = {isa = PBXFileReference; lastKnownFileType = wrapper.framework; name = Foundation.framework; path = System/Library/Frameworks/Foundation.framework; sourceTree = SDKROOT; };
		49A5F64615ED7E2D00D3F73F /* CoreGraphics.framework */ = {isa = PBXFileReference; lastKnownFileType = wrapper.framework; name = CoreGraphics.framework; path = System/Library/Frameworks/CoreGraphics.framework; sourceTree = SDKROOT; };
		49A5F64A15ED7E2D00D3F73F /* grapevine-Info.plist */ = {isa = PBXFileReference; lastKnownFileType = text.plist.xml; path = "grapevine-Info.plist"; sourceTree = "<group>"; };
		49A5F64C15ED7E2D00D3F73F /* en */ = {isa = PBXFileReference; lastKnownFileType = text.plist.strings; name = en; path = en.lproj/InfoPlist.strings; sourceTree = "<group>"; };
		49A5F64E15ED7E2D00D3F73F /* main.m */ = {isa = PBXFileReference; lastKnownFileType = sourcecode.c.objc; path = main.m; sourceTree = "<group>"; };
		49A5F65015ED7E2D00D3F73F /* grapevine-Prefix.pch */ = {isa = PBXFileReference; lastKnownFileType = sourcecode.c.h; path = "grapevine-Prefix.pch"; sourceTree = "<group>"; };
		49A5F65115ED7E2D00D3F73F /* AppDelegate.h */ = {isa = PBXFileReference; lastKnownFileType = sourcecode.c.h; path = AppDelegate.h; sourceTree = "<group>"; };
		49A5F65215ED7E2D00D3F73F /* AppDelegate.m */ = {isa = PBXFileReference; lastKnownFileType = sourcecode.c.objc; path = AppDelegate.m; sourceTree = "<group>"; };
		49A5F65415ED7E2D00D3F73F /* HomeViewController.h */ = {isa = PBXFileReference; lastKnownFileType = sourcecode.c.h; path = HomeViewController.h; sourceTree = "<group>"; };
		49A5F65515ED7E2D00D3F73F /* HomeViewController.m */ = {isa = PBXFileReference; lastKnownFileType = sourcecode.c.objc; path = HomeViewController.m; sourceTree = "<group>"; };
		49A5F65B15ED7E2D00D3F73F /* TrendingViewController.h */ = {isa = PBXFileReference; lastKnownFileType = sourcecode.c.h; path = TrendingViewController.h; sourceTree = "<group>"; };
		49A5F65C15ED7E2D00D3F73F /* TrendingViewController.m */ = {isa = PBXFileReference; lastKnownFileType = sourcecode.c.objc; path = TrendingViewController.m; sourceTree = "<group>"; };
		49A5F66315ED7E2D00D3F73F /* en */ = {isa = PBXFileReference; lastKnownFileType = file.xib; name = en; path = en.lproj/HomeViewController.xib; sourceTree = "<group>"; };
		49A5F66615ED7E2D00D3F73F /* en */ = {isa = PBXFileReference; lastKnownFileType = file.xib; name = en; path = en.lproj/TrendingViewController.xib; sourceTree = "<group>"; };
		49A5F66D15EDAE6200D3F73F /* ContactsViewController.h */ = {isa = PBXFileReference; fileEncoding = 4; lastKnownFileType = sourcecode.c.h; path = ContactsViewController.h; sourceTree = "<group>"; };
		49A5F66E15EDAE6200D3F73F /* ContactsViewController.m */ = {isa = PBXFileReference; fileEncoding = 4; lastKnownFileType = sourcecode.c.objc; path = ContactsViewController.m; sourceTree = "<group>"; };
		49A5F66F15EDAE6200D3F73F /* ContactsViewController.xib */ = {isa = PBXFileReference; fileEncoding = 4; lastKnownFileType = file.xib; path = ContactsViewController.xib; sourceTree = "<group>"; };
		49A5F67215EDB45400D3F73F /* FakeContacts.plist */ = {isa = PBXFileReference; fileEncoding = 4; lastKnownFileType = text.plist.xml; path = FakeContacts.plist; sourceTree = "<group>"; };
		49A5F67815EDC24B00D3F73F /* LoginViewController.h */ = {isa = PBXFileReference; fileEncoding = 4; lastKnownFileType = sourcecode.c.h; path = LoginViewController.h; sourceTree = "<group>"; };
		49A5F67915EDC24B00D3F73F /* LoginViewController.m */ = {isa = PBXFileReference; fileEncoding = 4; lastKnownFileType = sourcecode.c.objc; path = LoginViewController.m; sourceTree = "<group>"; };
		49A5F67A15EDC24B00D3F73F /* LoginViewController.xib */ = {isa = PBXFileReference; fileEncoding = 4; lastKnownFileType = file.xib; path = LoginViewController.xib; sourceTree = "<group>"; };
		49A5F67D15EDCD0600D3F73F /* fb-login-normal.png */ = {isa = PBXFileReference; lastKnownFileType = image.png; path = "fb-login-normal.png"; sourceTree = "<group>"; };
		49A5F68415F04C1000D3F73F /* FakePosts.plist */ = {isa = PBXFileReference; fileEncoding = 4; lastKnownFileType = text.plist.xml; path = FakePosts.plist; sourceTree = "<group>"; };
		49A5F68615F05F1C00D3F73F /* AudioPostCell.h */ = {isa = PBXFileReference; fileEncoding = 4; lastKnownFileType = sourcecode.c.h; path = AudioPostCell.h; sourceTree = "<group>"; };
		49A5F68715F05F1C00D3F73F /* AudioPostCell.m */ = {isa = PBXFileReference; fileEncoding = 4; lastKnownFileType = sourcecode.c.objc; path = AudioPostCell.m; sourceTree = "<group>"; };
		49A5F68915F05F6B00D3F73F /* AudioPostCell.xib */ = {isa = PBXFileReference; fileEncoding = 4; lastKnownFileType = file.xib; path = AudioPostCell.xib; sourceTree = "<group>"; };
		49A5F68B15F060BE00D3F73F /* IanGillis.jpg */ = {isa = PBXFileReference; lastKnownFileType = image.jpeg; path = IanGillis.jpg; sourceTree = "<group>"; };
		49A5F68D15F0753600D3F73F /* FakeImages.plist */ = {isa = PBXFileReference; fileEncoding = 4; lastKnownFileType = text.plist.xml; path = FakeImages.plist; sourceTree = "<group>"; };
		49A5F68F15F0784F00D3F73F /* jack_daniels.jpg */ = {isa = PBXFileReference; lastKnownFileType = image.jpeg; path = jack_daniels.jpg; sourceTree = "<group>"; };
		49A5F69115F0785E00D3F73F /* jim_beam.jpg */ = {isa = PBXFileReference; lastKnownFileType = image.jpeg; path = jim_beam.jpg; sourceTree = "<group>"; };
		49A5F69515F0787900D3F73F /* jose_cuervo.jpg */ = {isa = PBXFileReference; lastKnownFileType = image.jpeg; path = jose_cuervo.jpg; sourceTree = "<group>"; };
		49A5F69715F0788700D3F73F /* stella.jpg */ = {isa = PBXFileReference; lastKnownFileType = image.jpeg; path = stella.jpg; sourceTree = "<group>"; };
		49A5F69915F078A500D3F73F /* captain_morgan.jpg */ = {isa = PBXFileReference; lastKnownFileType = image.jpeg; path = captain_morgan.jpg; sourceTree = "<group>"; };
		49A5F69D15F079AF00D3F73F /* johnnie_walker.jpg */ = {isa = PBXFileReference; lastKnownFileType = image.jpeg; path = johnnie_walker.jpg; sourceTree = "<group>"; };
		49A5F69F15F079C300D3F73F /* john_jameson.jpg */ = {isa = PBXFileReference; lastKnownFileType = image.jpeg; path = john_jameson.jpg; sourceTree = "<group>"; };
		49A5F6A215F1585800D3F73F /* TalkingToTheMoon.ttf */ = {isa = PBXFileReference; lastKnownFileType = file; path = TalkingToTheMoon.ttf; sourceTree = "<group>"; };
		49A5F6A915F1A39000D3F73F /* FakeSuggestedTopics.plist */ = {isa = PBXFileReference; fileEncoding = 4; lastKnownFileType = text.plist.xml; path = FakeSuggestedTopics.plist; sourceTree = "<group>"; };
		49A5F6AA15F1A39000D3F73F /* FakeSuggestedUsers.plist */ = {isa = PBXFileReference; fileEncoding = 4; lastKnownFileType = text.plist.xml; path = FakeSuggestedUsers.plist; sourceTree = "<group>"; };
		49A5F6AE15F1A3B200D3F73F /* trendingDown.png */ = {isa = PBXFileReference; lastKnownFileType = image.png; path = trendingDown.png; sourceTree = "<group>"; };
		49A5F6AF15F1A3B200D3F73F /* trendingUp.png */ = {isa = PBXFileReference; lastKnownFileType = image.png; path = trendingUp.png; sourceTree = "<group>"; };
		49F572EA15F2670C008C5D8B /* checked.png */ = {isa = PBXFileReference; lastKnownFileType = image.png; path = checked.png; sourceTree = "<group>"; };
		49F572ED15F26722008C5D8B /* unchecked.png */ = {isa = PBXFileReference; lastKnownFileType = image.png; path = unchecked.png; sourceTree = "<group>"; };
		49F5730415F52382008C5D8B /* FakeSound.mp3 */ = {isa = PBXFileReference; lastKnownFileType = audio.mp3; path = FakeSound.mp3; sourceTree = "<group>"; };
		49F5730A15F526E1008C5D8B /* AudioController.h */ = {isa = PBXFileReference; fileEncoding = 4; lastKnownFileType = sourcecode.c.h; name = AudioController.h; path = ../AudioController.h; sourceTree = "<group>"; };
		49F5730B15F526E1008C5D8B /* AudioController.m */ = {isa = PBXFileReference; fileEncoding = 4; lastKnownFileType = sourcecode.c.objc; name = AudioController.m; path = ../AudioController.m; sourceTree = "<group>"; };
		49F5730D15F54714008C5D8B /* QuartzCore.framework */ = {isa = PBXFileReference; lastKnownFileType = wrapper.framework; name = QuartzCore.framework; path = System/Library/Frameworks/QuartzCore.framework; sourceTree = SDKROOT; };
		C970262915F31C8E004B1C50 /* AVFoundation.framework */ = {isa = PBXFileReference; lastKnownFileType = wrapper.framework; name = AVFoundation.framework; path = System/Library/Frameworks/AVFoundation.framework; sourceTree = SDKROOT; };
		C993472B15F82A7D00993164 /* Contact.h */ = {isa = PBXFileReference; fileEncoding = 4; lastKnownFileType = sourcecode.c.h; path = Contact.h; sourceTree = "<group>"; };
		C993472C15F82A7D00993164 /* Contact.m */ = {isa = PBXFileReference; fileEncoding = 4; lastKnownFileType = sourcecode.c.objc; path = Contact.m; sourceTree = "<group>"; };
		C997CE6215FE3C060082B342 /* harley_montano.jpg */ = {isa = PBXFileReference; lastKnownFileType = image.jpeg; path = harley_montano.jpg; sourceTree = "<group>"; };
		C997CE6515FE3E3B0082B342 /* ashtyn_hemendinger.jpg */ = {isa = PBXFileReference; lastKnownFileType = image.jpeg; path = ashtyn_hemendinger.jpg; sourceTree = "<group>"; };
		C997CE6615FE3E3B0082B342 /* charles_rawlins.jpg */ = {isa = PBXFileReference; lastKnownFileType = image.jpeg; path = charles_rawlins.jpg; sourceTree = "<group>"; };
		C997CE6715FE3E3B0082B342 /* emerson_stoldt.jpg */ = {isa = PBXFileReference; lastKnownFileType = image.jpeg; path = emerson_stoldt.jpg; sourceTree = "<group>"; };
		C997CE6815FE3E3B0082B342 /* junki_nakayama.jpg */ = {isa = PBXFileReference; lastKnownFileType = image.jpeg; path = junki_nakayama.jpg; sourceTree = "<group>"; };
		C997CE6915FE3E3B0082B342 /* mohit_moondra.jpg */ = {isa = PBXFileReference; lastKnownFileType = image.jpeg; path = mohit_moondra.jpg; sourceTree = "<group>"; };
/* End PBXFileReference section */

/* Begin PBXFrameworksBuildPhase section */
		49A5F63B15ED7E2D00D3F73F /* Frameworks */ = {
			isa = PBXFrameworksBuildPhase;
			buildActionMask = 2147483647;
			files = (
				49F5730E15F54714008C5D8B /* QuartzCore.framework in Frameworks */,
				C970262A15F31C8E004B1C50 /* AVFoundation.framework in Frameworks */,
				49A5F64315ED7E2D00D3F73F /* UIKit.framework in Frameworks */,
				49A5F64515ED7E2D00D3F73F /* Foundation.framework in Frameworks */,
				49A5F64715ED7E2D00D3F73F /* CoreGraphics.framework in Frameworks */,
			);
			runOnlyForDeploymentPostprocessing = 0;
		};
/* End PBXFrameworksBuildPhase section */

/* Begin PBXGroup section */
		49A5F63315ED7E2D00D3F73F = {
			isa = PBXGroup;
			children = (
				49F5730D15F54714008C5D8B /* QuartzCore.framework */,
				49A5F64815ED7E2D00D3F73F /* grapevine */,
				49A5F64115ED7E2D00D3F73F /* Frameworks */,
				49A5F63F15ED7E2D00D3F73F /* Products */,
			);
			sourceTree = "<group>";
		};
		49A5F63F15ED7E2D00D3F73F /* Products */ = {
			isa = PBXGroup;
			children = (
				49A5F63E15ED7E2D00D3F73F /* grapevine.app */,
			);
			name = Products;
			sourceTree = "<group>";
		};
		49A5F64115ED7E2D00D3F73F /* Frameworks */ = {
			isa = PBXGroup;
			children = (
				C970262915F31C8E004B1C50 /* AVFoundation.framework */,
				49A5F64215ED7E2D00D3F73F /* UIKit.framework */,
				49A5F64415ED7E2D00D3F73F /* Foundation.framework */,
				49A5F64615ED7E2D00D3F73F /* CoreGraphics.framework */,
			);
			name = Frameworks;
			sourceTree = "<group>";
		};
		49A5F64815ED7E2D00D3F73F /* grapevine */ = {
			isa = PBXGroup;
			children = (
				49F5730A15F526E1008C5D8B /* AudioController.h */,
				49F5730B15F526E1008C5D8B /* AudioController.m */,
				49A5F65115ED7E2D00D3F73F /* AppDelegate.h */,
				49A5F65215ED7E2D00D3F73F /* AppDelegate.m */,
				49A5F65415ED7E2D00D3F73F /* HomeViewController.h */,
				49A5F65515ED7E2D00D3F73F /* HomeViewController.m */,
				49A5F66215ED7E2D00D3F73F /* HomeViewController.xib */,
				49A5F65B15ED7E2D00D3F73F /* TrendingViewController.h */,
				494A3EC21603BA0300E8B0F4 /* HomeTableViewController.h */,
				494A3EC31603BA0300E8B0F4 /* HomeTableViewController.m */,
				49A5F65C15ED7E2D00D3F73F /* TrendingViewController.m */,
				49A5F66515ED7E2D00D3F73F /* TrendingViewController.xib */,
				49A5F64915ED7E2D00D3F73F /* Supporting Files */,
				49A5F66D15EDAE6200D3F73F /* ContactsViewController.h */,
				49A5F66E15EDAE6200D3F73F /* ContactsViewController.m */,
				49A5F66F15EDAE6200D3F73F /* ContactsViewController.xib */,
				49A5F67815EDC24B00D3F73F /* LoginViewController.h */,
				49A5F67915EDC24B00D3F73F /* LoginViewController.m */,
				49A5F67A15EDC24B00D3F73F /* LoginViewController.xib */,
				C993472B15F82A7D00993164 /* Contact.h */,
				C993472C15F82A7D00993164 /* Contact.m */,
				49A5F68615F05F1C00D3F73F /* AudioPostCell.h */,
				49A5F68715F05F1C00D3F73F /* AudioPostCell.m */,
				49A5F68915F05F6B00D3F73F /* AudioPostCell.xib */,
			);
			path = grapevine;
			sourceTree = "<group>";
		};
		49A5F64915ED7E2D00D3F73F /* Supporting Files */ = {
			isa = PBXGroup;
			children = (
				49540CCB15FB765A00AF4D08 /* button.png */,
				C997CE6515FE3E3B0082B342 /* ashtyn_hemendinger.jpg */,
				C997CE6615FE3E3B0082B342 /* charles_rawlins.jpg */,
				C997CE6715FE3E3B0082B342 /* emerson_stoldt.jpg */,
				C997CE6815FE3E3B0082B342 /* junki_nakayama.jpg */,
				C997CE6915FE3E3B0082B342 /* mohit_moondra.jpg */,
				C997CE6215FE3C060082B342 /* harley_montano.jpg */,
				492AAC7115F6F045001A94AD /* share.jpeg */,
				49540CCE15FB774A00AF4D08 /* RecordButtonPressed.png */,
				492AAC6D15F6E36B001A94AD /* pause.png */,
				492AAC6E15F6E36B001A94AD /* play.png */,
				492AAC6615F6CF1F001A94AD /* RecordButton1.png */,
				49716FA415F8021C00A32FB5 /* RecordButton1Pressed.png */,
				492AAC6915F6CF3D001A94AD /* musical_note_small.jpeg */,
				49F5730415F52382008C5D8B /* FakeSound.mp3 */,
				492AAC6B15F6D8C6001A94AD /* Silver-Play-Button_small.jpeg */,
				49F572ED15F26722008C5D8B /* unchecked.png */,
				49F572EA15F2670C008C5D8B /* checked.png */,
				49A5F6A215F1585800D3F73F /* TalkingToTheMoon.ttf */,
				49A5F69F15F079C300D3F73F /* john_jameson.jpg */,
				49A5F69D15F079AF00D3F73F /* johnnie_walker.jpg */,
				49A5F69915F078A500D3F73F /* captain_morgan.jpg */,
				49A5F69715F0788700D3F73F /* stella.jpg */,
				49A5F6AE15F1A3B200D3F73F /* trendingDown.png */,
				49A5F6AF15F1A3B200D3F73F /* trendingUp.png */,
				49A5F6A915F1A39000D3F73F /* FakeSuggestedTopics.plist */,
				49A5F6AA15F1A39000D3F73F /* FakeSuggestedUsers.plist */,
				49A5F69515F0787900D3F73F /* jose_cuervo.jpg */,
				49A5F69115F0785E00D3F73F /* jim_beam.jpg */,
				49A5F68F15F0784F00D3F73F /* jack_daniels.jpg */,
				49A5F68B15F060BE00D3F73F /* IanGillis.jpg */,
				49A5F67D15EDCD0600D3F73F /* fb-login-normal.png */,
				49A5F64A15ED7E2D00D3F73F /* grapevine-Info.plist */,
				49A5F64B15ED7E2D00D3F73F /* InfoPlist.strings */,
				49A5F64E15ED7E2D00D3F73F /* main.m */,
				49A5F65015ED7E2D00D3F73F /* grapevine-Prefix.pch */,
				49A5F67215EDB45400D3F73F /* FakeContacts.plist */,
				49A5F68415F04C1000D3F73F /* FakePosts.plist */,
				49A5F68D15F0753600D3F73F /* FakeImages.plist */,
			);
			name = "Supporting Files";
			sourceTree = "<group>";
		};
/* End PBXGroup section */

/* Begin PBXNativeTarget section */
		49A5F63D15ED7E2D00D3F73F /* grapevine */ = {
			isa = PBXNativeTarget;
			buildConfigurationList = 49A5F66A15ED7E2D00D3F73F /* Build configuration list for PBXNativeTarget "grapevine" */;
			buildPhases = (
				49A5F63A15ED7E2D00D3F73F /* Sources */,
				49A5F63B15ED7E2D00D3F73F /* Frameworks */,
				49A5F63C15ED7E2D00D3F73F /* Resources */,
			);
			buildRules = (
			);
			dependencies = (
			);
			name = grapevine;
			productName = grapevine;
			productReference = 49A5F63E15ED7E2D00D3F73F /* grapevine.app */;
			productType = "com.apple.product-type.application";
		};
/* End PBXNativeTarget section */

/* Begin PBXProject section */
		49A5F63515ED7E2D00D3F73F /* Project object */ = {
			isa = PBXProject;
			attributes = {
				LastUpgradeCheck = 0440;
				ORGANIZATIONNAME = "Ian Gillis";
			};
			buildConfigurationList = 49A5F63815ED7E2D00D3F73F /* Build configuration list for PBXProject "grapevine" */;
			compatibilityVersion = "Xcode 3.2";
			developmentRegion = English;
			hasScannedForEncodings = 0;
			knownRegions = (
				en,
			);
			mainGroup = 49A5F63315ED7E2D00D3F73F;
			productRefGroup = 49A5F63F15ED7E2D00D3F73F /* Products */;
			projectDirPath = "";
			projectRoot = "";
			targets = (
				49A5F63D15ED7E2D00D3F73F /* grapevine */,
			);
		};
/* End PBXProject section */

/* Begin PBXResourcesBuildPhase section */
		49A5F63C15ED7E2D00D3F73F /* Resources */ = {
			isa = PBXResourcesBuildPhase;
			buildActionMask = 2147483647;
			files = (
				49A5F64D15ED7E2D00D3F73F /* InfoPlist.strings in Resources */,
				49A5F66415ED7E2D00D3F73F /* HomeViewController.xib in Resources */,
				49A5F66715ED7E2D00D3F73F /* TrendingViewController.xib in Resources */,
				49A5F67115EDAE6200D3F73F /* ContactsViewController.xib in Resources */,
				49A5F67315EDB45400D3F73F /* FakeContacts.plist in Resources */,
				49A5F67C15EDC24B00D3F73F /* LoginViewController.xib in Resources */,
				49A5F67E15EDCD0600D3F73F /* fb-login-normal.png in Resources */,
				49A5F68515F04C1000D3F73F /* FakePosts.plist in Resources */,
				49A5F68A15F05F6B00D3F73F /* AudioPostCell.xib in Resources */,
				49A5F68C15F060BE00D3F73F /* IanGillis.jpg in Resources */,
				49A5F68E15F0753600D3F73F /* FakeImages.plist in Resources */,
				49A5F69015F0785000D3F73F /* jack_daniels.jpg in Resources */,
				49A5F69215F0785E00D3F73F /* jim_beam.jpg in Resources */,
				49A5F69615F0787900D3F73F /* jose_cuervo.jpg in Resources */,
				49A5F69815F0788700D3F73F /* stella.jpg in Resources */,
				49A5F69A15F078A600D3F73F /* captain_morgan.jpg in Resources */,
				49A5F69E15F079AF00D3F73F /* johnnie_walker.jpg in Resources */,
				49A5F6A015F079C300D3F73F /* john_jameson.jpg in Resources */,
				49A5F6A415F1585800D3F73F /* TalkingToTheMoon.ttf in Resources */,
				49A5F6AB15F1A39000D3F73F /* FakeSuggestedTopics.plist in Resources */,
				49A5F6AC15F1A39000D3F73F /* FakeSuggestedUsers.plist in Resources */,
				49A5F6B015F1A3B200D3F73F /* trendingDown.png in Resources */,
				49A5F6B115F1A3B200D3F73F /* trendingUp.png in Resources */,
				49F572EB15F2670C008C5D8B /* checked.png in Resources */,
				49F572EE15F26722008C5D8B /* unchecked.png in Resources */,
				49F5730515F52382008C5D8B /* FakeSound.mp3 in Resources */,
				492AAC6715F6CF1F001A94AD /* RecordButton1.png in Resources */,
				492AAC6A15F6CF3D001A94AD /* musical_note_small.jpeg in Resources */,
				492AAC6C15F6D8C6001A94AD /* Silver-Play-Button_small.jpeg in Resources */,
				492AAC6F15F6E36B001A94AD /* pause.png in Resources */,
				492AAC7015F6E36B001A94AD /* play.png in Resources */,
				492AAC7215F6F045001A94AD /* share.jpeg in Resources */,
				49716FA515F8021C00A32FB5 /* RecordButton1Pressed.png in Resources */,
				49540CCC15FB765A00AF4D08 /* button.png in Resources */,
				49540CCF15FB774A00AF4D08 /* RecordButtonPressed.png in Resources */,
				C997CE6315FE3C060082B342 /* harley_montano.jpg in Resources */,
				C997CE6A15FE3E3B0082B342 /* ashtyn_hemendinger.jpg in Resources */,
				C997CE6B15FE3E3B0082B342 /* charles_rawlins.jpg in Resources */,
				C997CE6C15FE3E3B0082B342 /* emerson_stoldt.jpg in Resources */,
				C997CE6D15FE3E3B0082B342 /* junki_nakayama.jpg in Resources */,
				C997CE6E15FE3E3B0082B342 /* mohit_moondra.jpg in Resources */,
			);
			runOnlyForDeploymentPostprocessing = 0;
		};
/* End PBXResourcesBuildPhase section */

/* Begin PBXSourcesBuildPhase section */
		49A5F63A15ED7E2D00D3F73F /* Sources */ = {
			isa = PBXSourcesBuildPhase;
			buildActionMask = 2147483647;
			files = (
				49A5F64F15ED7E2D00D3F73F /* main.m in Sources */,
				49A5F65315ED7E2D00D3F73F /* AppDelegate.m in Sources */,
				49A5F65615ED7E2D00D3F73F /* HomeViewController.m in Sources */,
				49A5F65D15ED7E2D00D3F73F /* TrendingViewController.m in Sources */,
				49A5F67015EDAE6200D3F73F /* ContactsViewController.m in Sources */,
				49A5F67B15EDC24B00D3F73F /* LoginViewController.m in Sources */,
				49A5F68815F05F1C00D3F73F /* AudioPostCell.m in Sources */,
				49F5730C15F526E1008C5D8B /* AudioController.m in Sources */,
				C993472D15F82A7E00993164 /* Contact.m in Sources */,
				494A3EC41603BA0300E8B0F4 /* HomeTableViewController.m in Sources */,
			);
			runOnlyForDeploymentPostprocessing = 0;
		};
/* End PBXSourcesBuildPhase section */

/* Begin PBXVariantGroup section */
		49A5F64B15ED7E2D00D3F73F /* InfoPlist.strings */ = {
			isa = PBXVariantGroup;
			children = (
				49A5F64C15ED7E2D00D3F73F /* en */,
			);
			name = InfoPlist.strings;
			sourceTree = "<group>";
		};
		49A5F66215ED7E2D00D3F73F /* HomeViewController.xib */ = {
			isa = PBXVariantGroup;
			children = (
				49A5F66315ED7E2D00D3F73F /* en */,
			);
			name = HomeViewController.xib;
			sourceTree = "<group>";
		};
		49A5F66515ED7E2D00D3F73F /* TrendingViewController.xib */ = {
			isa = PBXVariantGroup;
			children = (
				49A5F66615ED7E2D00D3F73F /* en */,
			);
			name = TrendingViewController.xib;
			sourceTree = "<group>";
		};
/* End PBXVariantGroup section */

/* Begin XCBuildConfiguration section */
		49A5F66815ED7E2D00D3F73F /* Debug */ = {
			isa = XCBuildConfiguration;
			buildSettings = {
				ALWAYS_SEARCH_USER_PATHS = NO;
				ARCHS = "$(ARCHS_STANDARD_32_BIT)";
				CLANG_CXX_LANGUAGE_STANDARD = "gnu++0x";
				CLANG_ENABLE_OBJC_ARC = YES;
				CLANG_WARN__DUPLICATE_METHOD_MATCH = YES;
				"CODE_SIGN_IDENTITY[sdk=iphoneos*]" = "iPhone Developer";
				COPY_PHASE_STRIP = NO;
				GCC_C_LANGUAGE_STANDARD = gnu99;
				GCC_DYNAMIC_NO_PIC = NO;
				GCC_OPTIMIZATION_LEVEL = 0;
				GCC_PREPROCESSOR_DEFINITIONS = (
					"DEBUG=1",
					"$(inherited)",
				);
				GCC_SYMBOLS_PRIVATE_EXTERN = NO;
				GCC_VERSION = com.apple.compilers.llvm.clang.1_0;
				GCC_WARN_ABOUT_RETURN_TYPE = YES;
				GCC_WARN_UNINITIALIZED_AUTOS = YES;
				GCC_WARN_UNUSED_VARIABLE = YES;
				IPHONEOS_DEPLOYMENT_TARGET = 5.1;
				SDKROOT = iphoneos;
			};
			name = Debug;
		};
		49A5F66915ED7E2D00D3F73F /* Release */ = {
			isa = XCBuildConfiguration;
			buildSettings = {
				ALWAYS_SEARCH_USER_PATHS = NO;
				ARCHS = "$(ARCHS_STANDARD_32_BIT)";
				CLANG_CXX_LANGUAGE_STANDARD = "gnu++0x";
				CLANG_ENABLE_OBJC_ARC = YES;
				CLANG_WARN__DUPLICATE_METHOD_MATCH = YES;
				"CODE_SIGN_IDENTITY[sdk=iphoneos*]" = "iPhone Developer";
				COPY_PHASE_STRIP = YES;
				GCC_C_LANGUAGE_STANDARD = gnu99;
				GCC_VERSION = com.apple.compilers.llvm.clang.1_0;
				GCC_WARN_ABOUT_RETURN_TYPE = YES;
				GCC_WARN_UNINITIALIZED_AUTOS = YES;
				GCC_WARN_UNUSED_VARIABLE = YES;
				IPHONEOS_DEPLOYMENT_TARGET = 5.1;
				OTHER_CFLAGS = "-DNS_BLOCK_ASSERTIONS=1";
				SDKROOT = iphoneos;
				VALIDATE_PRODUCT = YES;
			};
			name = Release;
		};
		49A5F66B15ED7E2D00D3F73F /* Debug */ = {
			isa = XCBuildConfiguration;
			buildSettings = {
				GCC_PRECOMPILE_PREFIX_HEADER = YES;
				GCC_PREFIX_HEADER = "grapevine/grapevine-Prefix.pch";
				INFOPLIST_FILE = "grapevine/grapevine-Info.plist";
				IPHONEOS_DEPLOYMENT_TARGET = 5.1;
				PRODUCT_NAME = "$(TARGET_NAME)";
				TARGETED_DEVICE_FAMILY = 1;
				WRAPPER_EXTENSION = app;
			};
			name = Debug;
		};
		49A5F66C15ED7E2D00D3F73F /* Release */ = {
			isa = XCBuildConfiguration;
			buildSettings = {
				GCC_PRECOMPILE_PREFIX_HEADER = YES;
				GCC_PREFIX_HEADER = "grapevine/grapevine-Prefix.pch";
				INFOPLIST_FILE = "grapevine/grapevine-Info.plist";
				IPHONEOS_DEPLOYMENT_TARGET = 5.1;
				PRODUCT_NAME = "$(TARGET_NAME)";
				TARGETED_DEVICE_FAMILY = 1;
				WRAPPER_EXTENSION = app;
			};
			name = Release;
		};
/* End XCBuildConfiguration section */

/* Begin XCConfigurationList section */
		49A5F63815ED7E2D00D3F73F /* Build configuration list for PBXProject "grapevine" */ = {
			isa = XCConfigurationList;
			buildConfigurations = (
				49A5F66815ED7E2D00D3F73F /* Debug */,
				49A5F66915ED7E2D00D3F73F /* Release */,
			);
			defaultConfigurationIsVisible = 0;
			defaultConfigurationName = Release;
		};
		49A5F66A15ED7E2D00D3F73F /* Build configuration list for PBXNativeTarget "grapevine" */ = {
			isa = XCConfigurationList;
			buildConfigurations = (
				49A5F66B15ED7E2D00D3F73F /* Debug */,
				49A5F66C15ED7E2D00D3F73F /* Release */,
			);
			defaultConfigurationIsVisible = 0;
			defaultConfigurationName = Release;
		};
/* End XCConfigurationList section */
	};
	rootObject = 49A5F63515ED7E2D00D3F73F /* Project object */;
}
