// !$*UTF8*$!
{
	archiveVersion = 1;
	classes = {
	};
	objectVersion = 46;
	objects = {

/* Begin PBXBuildFile section */
		4923C744160BAC8600AA87A9 /* HomePostsTableViewController.m in Sources */ = {isa = PBXBuildFile; fileRef = 4923C743160BAC8600AA87A9 /* HomePostsTableViewController.m */; };
		4928D7271636250D0039807A /* AccountViewController.m in Sources */ = {isa = PBXBuildFile; fileRef = 4928D7251636250D0039807A /* AccountViewController.m */; };
		4928D7281636250D0039807A /* AccountViewController.xib in Resources */ = {isa = PBXBuildFile; fileRef = 4928D7261636250D0039807A /* AccountViewController.xib */; };
		492AAC6715F6CF1F001A94AD /* RecordButton1.png in Resources */ = {isa = PBXBuildFile; fileRef = 492AAC6615F6CF1F001A94AD /* RecordButton1.png */; };
		492AAC6A15F6CF3D001A94AD /* musical_note_small.jpeg in Resources */ = {isa = PBXBuildFile; fileRef = 492AAC6915F6CF3D001A94AD /* musical_note_small.jpeg */; };
		492AAC6C15F6D8C6001A94AD /* Silver-Play-Button_small.jpeg in Resources */ = {isa = PBXBuildFile; fileRef = 492AAC6B15F6D8C6001A94AD /* Silver-Play-Button_small.jpeg */; };
		492AAC6F15F6E36B001A94AD /* pause.png in Resources */ = {isa = PBXBuildFile; fileRef = 492AAC6D15F6E36B001A94AD /* pause.png */; };
		492AAC7015F6E36B001A94AD /* play.png in Resources */ = {isa = PBXBuildFile; fileRef = 492AAC6E15F6E36B001A94AD /* play.png */; };
		492AAC7215F6F045001A94AD /* share.jpeg in Resources */ = {isa = PBXBuildFile; fileRef = 492AAC7115F6F045001A94AD /* share.jpeg */; };
		492D30551613E78700C2EDAC /* ContactsViewController.xib in Resources */ = {isa = PBXBuildFile; fileRef = 492D30541613E78700C2EDAC /* ContactsViewController.xib */; };
		493C1392160908A8004C51B6 /* FacebookSDK.framework in Frameworks */ = {isa = PBXBuildFile; fileRef = 493C1391160908A8004C51B6 /* FacebookSDK.framework */; };
		493C1395160909BE004C51B6 /* SessionManager.m in Sources */ = {isa = PBXBuildFile; fileRef = 493C1394160909BE004C51B6 /* SessionManager.m */; };
		49533898161CDC0F00571DB4 /* TrendingViewController.m in Sources */ = {isa = PBXBuildFile; fileRef = 49533896161CDC0F00571DB4 /* TrendingViewController.m */; };
		49533899161CDC0F00571DB4 /* TrendingViewController.xib in Resources */ = {isa = PBXBuildFile; fileRef = 49533897161CDC0F00571DB4 /* TrendingViewController.xib */; };
		4953389C161CE2D900571DB4 /* TrendingPostsTableViewController.m in Sources */ = {isa = PBXBuildFile; fileRef = 4953389B161CE2D900571DB4 /* TrendingPostsTableViewController.m */; };
		49540CCC15FB765A00AF4D08 /* button.png in Resources */ = {isa = PBXBuildFile; fileRef = 49540CCB15FB765A00AF4D08 /* button.png */; };
		49540CCF15FB774A00AF4D08 /* RecordButtonPressed.png in Resources */ = {isa = PBXBuildFile; fileRef = 49540CCE15FB774A00AF4D08 /* RecordButtonPressed.png */; };
		4969D41A161E303E00322B92 /* PostsTableViewController.m in Sources */ = {isa = PBXBuildFile; fileRef = 4969D419161E303E00322B92 /* PostsTableViewController.m */; };
		49716FA515F8021C00A32FB5 /* RecordButton1Pressed.png in Resources */ = {isa = PBXBuildFile; fileRef = 49716FA415F8021C00A32FB5 /* RecordButton1Pressed.png */; };
		49758E57163463FE005C78E6 /* refresh1.png in Resources */ = {isa = PBXBuildFile; fileRef = 49758E56163463FE005C78E6 /* refresh1.png */; };
		498C43411604D18F005936B4 /* RecordingViewController.m in Sources */ = {isa = PBXBuildFile; fileRef = 498C433F1604D18F005936B4 /* RecordingViewController.m */; };
		498C43421604D18F005936B4 /* RecordingViewController.xib in Resources */ = {isa = PBXBuildFile; fileRef = 498C43401604D18F005936B4 /* RecordingViewController.xib */; };
		49A17EF51632EE1C00236107 /* CoreMedia.framework in Frameworks */ = {isa = PBXBuildFile; fileRef = 49A17EF41632EE1C00236107 /* CoreMedia.framework */; };
		49A17EF71633200300236107 /* refresh.png in Resources */ = {isa = PBXBuildFile; fileRef = 49A17EF61633200300236107 /* refresh.png */; };
		49A5F64315ED7E2D00D3F73F /* UIKit.framework in Frameworks */ = {isa = PBXBuildFile; fileRef = 49A5F64215ED7E2D00D3F73F /* UIKit.framework */; };
		49A5F64515ED7E2D00D3F73F /* Foundation.framework in Frameworks */ = {isa = PBXBuildFile; fileRef = 49A5F64415ED7E2D00D3F73F /* Foundation.framework */; };
		49A5F64715ED7E2D00D3F73F /* CoreGraphics.framework in Frameworks */ = {isa = PBXBuildFile; fileRef = 49A5F64615ED7E2D00D3F73F /* CoreGraphics.framework */; };
		49A5F64D15ED7E2D00D3F73F /* InfoPlist.strings in Resources */ = {isa = PBXBuildFile; fileRef = 49A5F64B15ED7E2D00D3F73F /* InfoPlist.strings */; };
		49A5F64F15ED7E2D00D3F73F /* main.m in Sources */ = {isa = PBXBuildFile; fileRef = 49A5F64E15ED7E2D00D3F73F /* main.m */; };
		49A5F65315ED7E2D00D3F73F /* AppDelegate.m in Sources */ = {isa = PBXBuildFile; fileRef = 49A5F65215ED7E2D00D3F73F /* AppDelegate.m */; };
		49A5F65615ED7E2D00D3F73F /* HomeViewController.m in Sources */ = {isa = PBXBuildFile; fileRef = 49A5F65515ED7E2D00D3F73F /* HomeViewController.m */; };
		49A5F66415ED7E2D00D3F73F /* HomeViewController.xib in Resources */ = {isa = PBXBuildFile; fileRef = 49A5F66215ED7E2D00D3F73F /* HomeViewController.xib */; };
		49A5F67015EDAE6200D3F73F /* ContactsViewController.m in Sources */ = {isa = PBXBuildFile; fileRef = 49A5F66E15EDAE6200D3F73F /* ContactsViewController.m */; };
		49A5F67B15EDC24B00D3F73F /* LoginViewController.m in Sources */ = {isa = PBXBuildFile; fileRef = 49A5F67915EDC24B00D3F73F /* LoginViewController.m */; };
		49A5F67C15EDC24B00D3F73F /* LoginViewController.xib in Resources */ = {isa = PBXBuildFile; fileRef = 49A5F67A15EDC24B00D3F73F /* LoginViewController.xib */; };
		49A5F67E15EDCD0600D3F73F /* fb-login-normal.png in Resources */ = {isa = PBXBuildFile; fileRef = 49A5F67D15EDCD0600D3F73F /* fb-login-normal.png */; };
		49A5F68815F05F1C00D3F73F /* AudioPostCell.m in Sources */ = {isa = PBXBuildFile; fileRef = 49A5F68715F05F1C00D3F73F /* AudioPostCell.m */; };
		49A5F68A15F05F6B00D3F73F /* AudioPostCell.xib in Resources */ = {isa = PBXBuildFile; fileRef = 49A5F68915F05F6B00D3F73F /* AudioPostCell.xib */; };
		49A5F68C15F060BE00D3F73F /* IanGillis.jpg in Resources */ = {isa = PBXBuildFile; fileRef = 49A5F68B15F060BE00D3F73F /* IanGillis.jpg */; };
		49A5F6A415F1585800D3F73F /* TalkingToTheMoon.ttf in Resources */ = {isa = PBXBuildFile; fileRef = 49A5F6A215F1585800D3F73F /* TalkingToTheMoon.ttf */; };
		49B0485716372E3700639918 /* navbarbackground.png in Resources */ = {isa = PBXBuildFile; fileRef = 49B0485616372E3700639918 /* navbarbackground.png */; };
		49B048731638AB1600639918 /* UserPostsTableViewController.m in Sources */ = {isa = PBXBuildFile; fileRef = 49B048721638AB1600639918 /* UserPostsTableViewController.m */; };
		49B048771638AD9600639918 /* UserPostsViewController.m in Sources */ = {isa = PBXBuildFile; fileRef = 49B048751638AD9600639918 /* UserPostsViewController.m */; };
		49B048781638AD9600639918 /* UserPostsViewController.xib in Resources */ = {isa = PBXBuildFile; fileRef = 49B048761638AD9600639918 /* UserPostsViewController.xib */; };
		49B18B12160AAE560076F8DC /* CFNetwork.framework in Frameworks */ = {isa = PBXBuildFile; fileRef = 49B18B11160AAE560076F8DC /* CFNetwork.framework */; };
		49B18B14160AAE640076F8DC /* AudioToolbox.framework in Frameworks */ = {isa = PBXBuildFile; fileRef = 49B18B13160AAE640076F8DC /* AudioToolbox.framework */; };
		49B18B16160AAE6E0076F8DC /* libsqlite3.dylib in Frameworks */ = {isa = PBXBuildFile; fileRef = 49B18B15160AAE6E0076F8DC /* libsqlite3.dylib */; };
		49B18B18160AAE790076F8DC /* libz.1.1.3.dylib in Frameworks */ = {isa = PBXBuildFile; fileRef = 49B18B17160AAE790076F8DC /* libz.1.1.3.dylib */; };
		49B18B1A160AAE810076F8DC /* MobileCoreServices.framework in Frameworks */ = {isa = PBXBuildFile; fileRef = 49B18B19160AAE810076F8DC /* MobileCoreServices.framework */; };
		49B18B1C160AAE880076F8DC /* Security.framework in Frameworks */ = {isa = PBXBuildFile; fileRef = 49B18B1B160AAE880076F8DC /* Security.framework */; };
		49B18B1E160AAE900076F8DC /* StoreKit.framework in Frameworks */ = {isa = PBXBuildFile; fileRef = 49B18B1D160AAE900076F8DC /* StoreKit.framework */; };
		49B18B20160AAE990076F8DC /* SystemConfiguration.framework in Frameworks */ = {isa = PBXBuildFile; fileRef = 49B18B1F160AAE990076F8DC /* SystemConfiguration.framework */; };
		49B18B22160AAF080076F8DC /* Parse.framework in Frameworks */ = {isa = PBXBuildFile; fileRef = 49B18B21160AAF080076F8DC /* Parse.framework */; };
		49B18B25160AB5FA0076F8DC /* ParseObjects.m in Sources */ = {isa = PBXBuildFile; fileRef = 49B18B24160AB5FA0076F8DC /* ParseObjects.m */; };
		49CC000B1620C1BC0061BBFE /* 16-line-chart.png in Resources */ = {isa = PBXBuildFile; fileRef = 49CC000A1620C1BC0061BBFE /* 16-line-chart.png */; };
		49CC000D1620C1DB0061BBFE /* 53-house.png in Resources */ = {isa = PBXBuildFile; fileRef = 49CC000C1620C1DB0061BBFE /* 53-house.png */; };
		49F572EB15F2670C008C5D8B /* checked.png in Resources */ = {isa = PBXBuildFile; fileRef = 49F572EA15F2670C008C5D8B /* checked.png */; };
		49F572EE15F26722008C5D8B /* unchecked.png in Resources */ = {isa = PBXBuildFile; fileRef = 49F572ED15F26722008C5D8B /* unchecked.png */; };
		49F5730C15F526E1008C5D8B /* AudioController.m in Sources */ = {isa = PBXBuildFile; fileRef = 49F5730B15F526E1008C5D8B /* AudioController.m */; };
		49F5730E15F54714008C5D8B /* QuartzCore.framework in Frameworks */ = {isa = PBXBuildFile; fileRef = 49F5730D15F54714008C5D8B /* QuartzCore.framework */; };
		C970262A15F31C8E004B1C50 /* AVFoundation.framework in Frameworks */ = {isa = PBXBuildFile; fileRef = C970262915F31C8E004B1C50 /* AVFoundation.framework */; };
/* End PBXBuildFile section */

/* Begin PBXFileReference section */
		4923C742160BAC8600AA87A9 /* HomePostsTableViewController.h */ = {isa = PBXFileReference; fileEncoding = 4; lastKnownFileType = sourcecode.c.h; name = HomePostsTableViewController.h; path = ../HomePostsTableViewController.h; sourceTree = "<group>"; };
		4923C743160BAC8600AA87A9 /* HomePostsTableViewController.m */ = {isa = PBXFileReference; fileEncoding = 4; lastKnownFileType = sourcecode.c.objc; name = HomePostsTableViewController.m; path = ../HomePostsTableViewController.m; sourceTree = "<group>"; };
		4928D7241636250D0039807A /* AccountViewController.h */ = {isa = PBXFileReference; fileEncoding = 4; lastKnownFileType = sourcecode.c.h; path = AccountViewController.h; sourceTree = "<group>"; };
		4928D7251636250D0039807A /* AccountViewController.m */ = {isa = PBXFileReference; fileEncoding = 4; lastKnownFileType = sourcecode.c.objc; path = AccountViewController.m; sourceTree = "<group>"; };
		4928D7261636250D0039807A /* AccountViewController.xib */ = {isa = PBXFileReference; fileEncoding = 4; lastKnownFileType = file.xib; path = AccountViewController.xib; sourceTree = "<group>"; };
		492AAC6615F6CF1F001A94AD /* RecordButton1.png */ = {isa = PBXFileReference; lastKnownFileType = image.png; path = RecordButton1.png; sourceTree = "<group>"; };
		492AAC6915F6CF3D001A94AD /* musical_note_small.jpeg */ = {isa = PBXFileReference; lastKnownFileType = image.jpeg; path = musical_note_small.jpeg; sourceTree = "<group>"; };
		492AAC6B15F6D8C6001A94AD /* Silver-Play-Button_small.jpeg */ = {isa = PBXFileReference; lastKnownFileType = image.jpeg; path = "Silver-Play-Button_small.jpeg"; sourceTree = "<group>"; };
		492AAC6D15F6E36B001A94AD /* pause.png */ = {isa = PBXFileReference; lastKnownFileType = image.png; path = pause.png; sourceTree = "<group>"; };
		492AAC6E15F6E36B001A94AD /* play.png */ = {isa = PBXFileReference; lastKnownFileType = image.png; path = play.png; sourceTree = "<group>"; };
		492AAC7115F6F045001A94AD /* share.jpeg */ = {isa = PBXFileReference; lastKnownFileType = image.jpeg; path = share.jpeg; sourceTree = "<group>"; };
		492D30541613E78700C2EDAC /* ContactsViewController.xib */ = {isa = PBXFileReference; fileEncoding = 4; lastKnownFileType = file.xib; path = ContactsViewController.xib; sourceTree = "<group>"; };
		493C138E1608F992004C51B6 /* FacebookSDKResources.bundle */ = {isa = PBXFileReference; lastKnownFileType = "wrapper.plug-in"; path = FacebookSDKResources.bundle; sourceTree = "<group>"; };
		493C138F1608F992004C51B6 /* FBUserSettingsViewResources.bundle */ = {isa = PBXFileReference; lastKnownFileType = "wrapper.plug-in"; path = FBUserSettingsViewResources.bundle; sourceTree = "<group>"; };
		493C13901608F992004C51B6 /* Info.plist */ = {isa = PBXFileReference; lastKnownFileType = text.plist.xml; path = Info.plist; sourceTree = "<group>"; };
		493C1391160908A8004C51B6 /* FacebookSDK.framework */ = {isa = PBXFileReference; lastKnownFileType = wrapper.framework; path = FacebookSDK.framework; sourceTree = "<group>"; };
		493C1393160909BE004C51B6 /* SessionManager.h */ = {isa = PBXFileReference; fileEncoding = 4; lastKnownFileType = sourcecode.c.h; path = SessionManager.h; sourceTree = "<group>"; };
		493C1394160909BE004C51B6 /* SessionManager.m */ = {isa = PBXFileReference; fileEncoding = 4; lastKnownFileType = sourcecode.c.objc; path = SessionManager.m; sourceTree = "<group>"; };
		49533895161CDC0F00571DB4 /* TrendingViewController.h */ = {isa = PBXFileReference; fileEncoding = 4; lastKnownFileType = sourcecode.c.h; path = TrendingViewController.h; sourceTree = "<group>"; };
		49533896161CDC0F00571DB4 /* TrendingViewController.m */ = {isa = PBXFileReference; fileEncoding = 4; lastKnownFileType = sourcecode.c.objc; path = TrendingViewController.m; sourceTree = "<group>"; };
		49533897161CDC0F00571DB4 /* TrendingViewController.xib */ = {isa = PBXFileReference; fileEncoding = 4; lastKnownFileType = file.xib; path = TrendingViewController.xib; sourceTree = "<group>"; };
		4953389A161CE2D900571DB4 /* TrendingPostsTableViewController.h */ = {isa = PBXFileReference; fileEncoding = 4; lastKnownFileType = sourcecode.c.h; path = TrendingPostsTableViewController.h; sourceTree = "<group>"; };
		4953389B161CE2D900571DB4 /* TrendingPostsTableViewController.m */ = {isa = PBXFileReference; fileEncoding = 4; lastKnownFileType = sourcecode.c.objc; path = TrendingPostsTableViewController.m; sourceTree = "<group>"; };
		49540CCB15FB765A00AF4D08 /* button.png */ = {isa = PBXFileReference; lastKnownFileType = image.png; path = button.png; sourceTree = "<group>"; };
		49540CCE15FB774A00AF4D08 /* RecordButtonPressed.png */ = {isa = PBXFileReference; lastKnownFileType = image.png; path = RecordButtonPressed.png; sourceTree = "<group>"; };
		4969D418161E303E00322B92 /* PostsTableViewController.h */ = {isa = PBXFileReference; fileEncoding = 4; lastKnownFileType = sourcecode.c.h; path = PostsTableViewController.h; sourceTree = "<group>"; };
		4969D419161E303E00322B92 /* PostsTableViewController.m */ = {isa = PBXFileReference; fileEncoding = 4; lastKnownFileType = sourcecode.c.objc; path = PostsTableViewController.m; sourceTree = "<group>"; };
		49716FA415F8021C00A32FB5 /* RecordButton1Pressed.png */ = {isa = PBXFileReference; lastKnownFileType = image.png; path = RecordButton1Pressed.png; sourceTree = "<group>"; };
		49758E56163463FE005C78E6 /* refresh1.png */ = {isa = PBXFileReference; lastKnownFileType = image.png; path = refresh1.png; sourceTree = "<group>"; };
		498C433E1604D18F005936B4 /* RecordingViewController.h */ = {isa = PBXFileReference; fileEncoding = 4; lastKnownFileType = sourcecode.c.h; path = RecordingViewController.h; sourceTree = "<group>"; };
		498C433F1604D18F005936B4 /* RecordingViewController.m */ = {isa = PBXFileReference; fileEncoding = 4; lastKnownFileType = sourcecode.c.objc; path = RecordingViewController.m; sourceTree = "<group>"; };
		498C43401604D18F005936B4 /* RecordingViewController.xib */ = {isa = PBXFileReference; fileEncoding = 4; lastKnownFileType = file.xib; path = RecordingViewController.xib; sourceTree = "<group>"; };
		49A17EF41632EE1C00236107 /* CoreMedia.framework */ = {isa = PBXFileReference; lastKnownFileType = wrapper.framework; name = CoreMedia.framework; path = System/Library/Frameworks/CoreMedia.framework; sourceTree = SDKROOT; };
		49A17EF61633200300236107 /* refresh.png */ = {isa = PBXFileReference; lastKnownFileType = image.png; path = refresh.png; sourceTree = "<group>"; };
		49A5F63E15ED7E2D00D3F73F /* grapevine.app */ = {isa = PBXFileReference; explicitFileType = wrapper.application; includeInIndex = 0; path = grapevine.app; sourceTree = BUILT_PRODUCTS_DIR; };
		49A5F64215ED7E2D00D3F73F /* UIKit.framework */ = {isa = PBXFileReference; lastKnownFileType = wrapper.framework; name = UIKit.framework; path = System/Library/Frameworks/UIKit.framework; sourceTree = SDKROOT; };
		49A5F64415ED7E2D00D3F73F /* Foundation.framework */ = {isa = PBXFileReference; lastKnownFileType = wrapper.framework; name = Foundation.framework; path = System/Library/Frameworks/Foundation.framework; sourceTree = SDKROOT; };
		49A5F64615ED7E2D00D3F73F /* CoreGraphics.framework */ = {isa = PBXFileReference; lastKnownFileType = wrapper.framework; name = CoreGraphics.framework; path = System/Library/Frameworks/CoreGraphics.framework; sourceTree = SDKROOT; };
		49A5F64A15ED7E2D00D3F73F /* grapevine-Info.plist */ = {isa = PBXFileReference; lastKnownFileType = text.plist.xml; path = "grapevine-Info.plist"; sourceTree = "<group>"; };
		49A5F64C15ED7E2D00D3F73F /* en */ = {isa = PBXFileReference; lastKnownFileType = text.plist.strings; name = en; path = en.lproj/InfoPlist.strings; sourceTree = "<group>"; };
		49A5F64E15ED7E2D00D3F73F /* main.m */ = {isa = PBXFileReference; lastKnownFileType = sourcecode.c.objc; path = main.m; sourceTree = "<group>"; };
		49A5F65015ED7E2D00D3F73F /* grapevine-Prefix.pch */ = {isa = PBXFileReference; lastKnownFileType = sourcecode.c.h; path = "grapevine-Prefix.pch"; sourceTree = "<group>"; };
		49A5F65115ED7E2D00D3F73F /* AppDelegate.h */ = {isa = PBXFileReference; lastKnownFileType = sourcecode.c.h; path = AppDelegate.h; sourceTree = "<group>"; };
		49A5F65215ED7E2D00D3F73F /* AppDelegate.m */ = {isa = PBXFileReference; lastKnownFileType = sourcecode.c.objc; path = AppDelegate.m; sourceTree = "<group>"; };
		49A5F65415ED7E2D00D3F73F /* HomeViewController.h */ = {isa = PBXFileReference; lastKnownFileType = sourcecode.c.h; path = HomeViewController.h; sourceTree = "<group>"; };
		49A5F65515ED7E2D00D3F73F /* HomeViewController.m */ = {isa = PBXFileReference; lastKnownFileType = sourcecode.c.objc; path = HomeViewController.m; sourceTree = "<group>"; };
		49A5F66315ED7E2D00D3F73F /* en */ = {isa = PBXFileReference; lastKnownFileType = file.xib; name = en; path = en.lproj/HomeViewController.xib; sourceTree = "<group>"; };
		49A5F66D15EDAE6200D3F73F /* ContactsViewController.h */ = {isa = PBXFileReference; fileEncoding = 4; lastKnownFileType = sourcecode.c.h; path = ContactsViewController.h; sourceTree = "<group>"; };
		49A5F66E15EDAE6200D3F73F /* ContactsViewController.m */ = {isa = PBXFileReference; fileEncoding = 4; lastKnownFileType = sourcecode.c.objc; path = ContactsViewController.m; sourceTree = "<group>"; };
		49A5F67815EDC24B00D3F73F /* LoginViewController.h */ = {isa = PBXFileReference; fileEncoding = 4; lastKnownFileType = sourcecode.c.h; path = LoginViewController.h; sourceTree = "<group>"; };
		49A5F67915EDC24B00D3F73F /* LoginViewController.m */ = {isa = PBXFileReference; fileEncoding = 4; lastKnownFileType = sourcecode.c.objc; path = LoginViewController.m; sourceTree = "<group>"; };
		49A5F67A15EDC24B00D3F73F /* LoginViewController.xib */ = {isa = PBXFileReference; fileEncoding = 4; lastKnownFileType = file.xib; path = LoginViewController.xib; sourceTree = "<group>"; };
		49A5F67D15EDCD0600D3F73F /* fb-login-normal.png */ = {isa = PBXFileReference; lastKnownFileType = image.png; path = "fb-login-normal.png"; sourceTree = "<group>"; };
		49A5F68615F05F1C00D3F73F /* AudioPostCell.h */ = {isa = PBXFileReference; fileEncoding = 4; lastKnownFileType = sourcecode.c.h; path = AudioPostCell.h; sourceTree = "<group>"; };
		49A5F68715F05F1C00D3F73F /* AudioPostCell.m */ = {isa = PBXFileReference; fileEncoding = 4; lastKnownFileType = sourcecode.c.objc; path = AudioPostCell.m; sourceTree = "<group>"; };
		49A5F68915F05F6B00D3F73F /* AudioPostCell.xib */ = {isa = PBXFileReference; fileEncoding = 4; lastKnownFileType = file.xib; path = AudioPostCell.xib; sourceTree = "<group>"; };
		49A5F68B15F060BE00D3F73F /* IanGillis.jpg */ = {isa = PBXFileReference; lastKnownFileType = image.jpeg; path = IanGillis.jpg; sourceTree = "<group>"; };
		49A5F6A215F1585800D3F73F /* TalkingToTheMoon.ttf */ = {isa = PBXFileReference; lastKnownFileType = file; path = TalkingToTheMoon.ttf; sourceTree = "<group>"; };
		49B0485616372E3700639918 /* navbarbackground.png */ = {isa = PBXFileReference; lastKnownFileType = image.png; path = navbarbackground.png; sourceTree = "<group>"; };
		49B048711638AB1600639918 /* UserPostsTableViewController.h */ = {isa = PBXFileReference; fileEncoding = 4; lastKnownFileType = sourcecode.c.h; path = UserPostsTableViewController.h; sourceTree = "<group>"; };
		49B048721638AB1600639918 /* UserPostsTableViewController.m */ = {isa = PBXFileReference; fileEncoding = 4; lastKnownFileType = sourcecode.c.objc; path = UserPostsTableViewController.m; sourceTree = "<group>"; };
		49B048741638AD9500639918 /* UserPostsViewController.h */ = {isa = PBXFileReference; fileEncoding = 4; lastKnownFileType = sourcecode.c.h; path = UserPostsViewController.h; sourceTree = "<group>"; };
		49B048751638AD9600639918 /* UserPostsViewController.m */ = {isa = PBXFileReference; fileEncoding = 4; lastKnownFileType = sourcecode.c.objc; path = UserPostsViewController.m; sourceTree = "<group>"; };
		49B048761638AD9600639918 /* UserPostsViewController.xib */ = {isa = PBXFileReference; fileEncoding = 4; lastKnownFileType = file.xib; path = UserPostsViewController.xib; sourceTree = "<group>"; };
		49B18B11160AAE560076F8DC /* CFNetwork.framework */ = {isa = PBXFileReference; lastKnownFileType = wrapper.framework; name = CFNetwork.framework; path = System/Library/Frameworks/CFNetwork.framework; sourceTree = SDKROOT; };
		49B18B13160AAE640076F8DC /* AudioToolbox.framework */ = {isa = PBXFileReference; lastKnownFileType = wrapper.framework; name = AudioToolbox.framework; path = System/Library/Frameworks/AudioToolbox.framework; sourceTree = SDKROOT; };
		49B18B15160AAE6E0076F8DC /* libsqlite3.dylib */ = {isa = PBXFileReference; lastKnownFileType = "compiled.mach-o.dylib"; name = libsqlite3.dylib; path = usr/lib/libsqlite3.dylib; sourceTree = SDKROOT; };
		49B18B17160AAE790076F8DC /* libz.1.1.3.dylib */ = {isa = PBXFileReference; lastKnownFileType = "compiled.mach-o.dylib"; name = libz.1.1.3.dylib; path = usr/lib/libz.1.1.3.dylib; sourceTree = SDKROOT; };
		49B18B19160AAE810076F8DC /* MobileCoreServices.framework */ = {isa = PBXFileReference; lastKnownFileType = wrapper.framework; name = MobileCoreServices.framework; path = System/Library/Frameworks/MobileCoreServices.framework; sourceTree = SDKROOT; };
		49B18B1B160AAE880076F8DC /* Security.framework */ = {isa = PBXFileReference; lastKnownFileType = wrapper.framework; name = Security.framework; path = System/Library/Frameworks/Security.framework; sourceTree = SDKROOT; };
		49B18B1D160AAE900076F8DC /* StoreKit.framework */ = {isa = PBXFileReference; lastKnownFileType = wrapper.framework; name = StoreKit.framework; path = System/Library/Frameworks/StoreKit.framework; sourceTree = SDKROOT; };
		49B18B1F160AAE990076F8DC /* SystemConfiguration.framework */ = {isa = PBXFileReference; lastKnownFileType = wrapper.framework; name = SystemConfiguration.framework; path = System/Library/Frameworks/SystemConfiguration.framework; sourceTree = SDKROOT; };
		49B18B21160AAF080076F8DC /* Parse.framework */ = {isa = PBXFileReference; lastKnownFileType = wrapper.framework; path = Parse.framework; sourceTree = "<group>"; };
		49B18B23160AB5FA0076F8DC /* ParseObjects.h */ = {isa = PBXFileReference; fileEncoding = 4; lastKnownFileType = sourcecode.c.h; path = ParseObjects.h; sourceTree = "<group>"; };
		49B18B24160AB5FA0076F8DC /* ParseObjects.m */ = {isa = PBXFileReference; fileEncoding = 4; lastKnownFileType = sourcecode.c.objc; path = ParseObjects.m; sourceTree = "<group>"; };
		49CC000A1620C1BC0061BBFE /* 16-line-chart.png */ = {isa = PBXFileReference; lastKnownFileType = image.png; path = "16-line-chart.png"; sourceTree = "<group>"; };
		49CC000C1620C1DB0061BBFE /* 53-house.png */ = {isa = PBXFileReference; lastKnownFileType = image.png; path = "53-house.png"; sourceTree = "<group>"; };
		49F572EA15F2670C008C5D8B /* checked.png */ = {isa = PBXFileReference; lastKnownFileType = image.png; path = checked.png; sourceTree = "<group>"; };
		49F572ED15F26722008C5D8B /* unchecked.png */ = {isa = PBXFileReference; lastKnownFileType = image.png; path = unchecked.png; sourceTree = "<group>"; };
		49F5730A15F526E1008C5D8B /* AudioController.h */ = {isa = PBXFileReference; fileEncoding = 4; lastKnownFileType = sourcecode.c.h; name = AudioController.h; path = ../AudioController.h; sourceTree = "<group>"; };
		49F5730B15F526E1008C5D8B /* AudioController.m */ = {isa = PBXFileReference; fileEncoding = 4; lastKnownFileType = sourcecode.c.objc; name = AudioController.m; path = ../AudioController.m; sourceTree = "<group>"; };
		49F5730D15F54714008C5D8B /* QuartzCore.framework */ = {isa = PBXFileReference; lastKnownFileType = wrapper.framework; name = QuartzCore.framework; path = System/Library/Frameworks/QuartzCore.framework; sourceTree = SDKROOT; };
		C970262915F31C8E004B1C50 /* AVFoundation.framework */ = {isa = PBXFileReference; lastKnownFileType = wrapper.framework; name = AVFoundation.framework; path = System/Library/Frameworks/AVFoundation.framework; sourceTree = SDKROOT; };
/* End PBXFileReference section */

/* Begin PBXFrameworksBuildPhase section */
		49A5F63B15ED7E2D00D3F73F /* Frameworks */ = {
			isa = PBXFrameworksBuildPhase;
			buildActionMask = 2147483647;
			files = (
				49A17EF51632EE1C00236107 /* CoreMedia.framework in Frameworks */,
				49B18B20160AAE990076F8DC /* SystemConfiguration.framework in Frameworks */,
				49B18B1E160AAE900076F8DC /* StoreKit.framework in Frameworks */,
				49B18B1C160AAE880076F8DC /* Security.framework in Frameworks */,
				49B18B1A160AAE810076F8DC /* MobileCoreServices.framework in Frameworks */,
				49B18B18160AAE790076F8DC /* libz.1.1.3.dylib in Frameworks */,
				49B18B16160AAE6E0076F8DC /* libsqlite3.dylib in Frameworks */,
				49B18B14160AAE640076F8DC /* AudioToolbox.framework in Frameworks */,
				49B18B12160AAE560076F8DC /* CFNetwork.framework in Frameworks */,
				49F5730E15F54714008C5D8B /* QuartzCore.framework in Frameworks */,
				C970262A15F31C8E004B1C50 /* AVFoundation.framework in Frameworks */,
				49A5F64315ED7E2D00D3F73F /* UIKit.framework in Frameworks */,
				49A5F64515ED7E2D00D3F73F /* Foundation.framework in Frameworks */,
				49A5F64715ED7E2D00D3F73F /* CoreGraphics.framework in Frameworks */,
				493C1392160908A8004C51B6 /* FacebookSDK.framework in Frameworks */,
				49B18B22160AAF080076F8DC /* Parse.framework in Frameworks */,
			);
			runOnlyForDeploymentPostprocessing = 0;
		};
/* End PBXFrameworksBuildPhase section */

/* Begin PBXGroup section */
		493C138D1608F992004C51B6 /* Resources */ = {
			isa = PBXGroup;
			children = (
				493C138E1608F992004C51B6 /* FacebookSDKResources.bundle */,
				493C138F1608F992004C51B6 /* FBUserSettingsViewResources.bundle */,
				493C13901608F992004C51B6 /* Info.plist */,
			);
			name = Resources;
			path = ../../FacebookSDK/FacebookSDK.framework/Versions/A/Resources;
			sourceTree = "<group>";
		};
		49A5F63315ED7E2D00D3F73F = {
			isa = PBXGroup;
			children = (
				49A17EF41632EE1C00236107 /* CoreMedia.framework */,
				49A5F64815ED7E2D00D3F73F /* grapevine */,
				49A5F64115ED7E2D00D3F73F /* Frameworks */,
				49A5F63F15ED7E2D00D3F73F /* Products */,
			);
			sourceTree = "<group>";
		};
		49A5F63F15ED7E2D00D3F73F /* Products */ = {
			isa = PBXGroup;
			children = (
				49A5F63E15ED7E2D00D3F73F /* grapevine.app */,
			);
			name = Products;
			sourceTree = "<group>";
		};
		49A5F64115ED7E2D00D3F73F /* Frameworks */ = {
			isa = PBXGroup;
			children = (
				49B18B1F160AAE990076F8DC /* SystemConfiguration.framework */,
				49B18B1D160AAE900076F8DC /* StoreKit.framework */,
				49B18B1B160AAE880076F8DC /* Security.framework */,
				49B18B19160AAE810076F8DC /* MobileCoreServices.framework */,
				49B18B17160AAE790076F8DC /* libz.1.1.3.dylib */,
				49B18B15160AAE6E0076F8DC /* libsqlite3.dylib */,
				49B18B13160AAE640076F8DC /* AudioToolbox.framework */,
				49B18B11160AAE560076F8DC /* CFNetwork.framework */,
				49B18B21160AAF080076F8DC /* Parse.framework */,
				493C1391160908A8004C51B6 /* FacebookSDK.framework */,
				49F5730D15F54714008C5D8B /* QuartzCore.framework */,
				493C138D1608F992004C51B6 /* Resources */,
				C970262915F31C8E004B1C50 /* AVFoundation.framework */,
				49A5F64215ED7E2D00D3F73F /* UIKit.framework */,
				49A5F64415ED7E2D00D3F73F /* Foundation.framework */,
				49A5F64615ED7E2D00D3F73F /* CoreGraphics.framework */,
			);
			name = Frameworks;
			sourceTree = "<group>";
		};
		49A5F64815ED7E2D00D3F73F /* grapevine */ = {
			isa = PBXGroup;
			children = (
				4969D418161E303E00322B92 /* PostsTableViewController.h */,
				4969D419161E303E00322B92 /* PostsTableViewController.m */,
				4923C742160BAC8600AA87A9 /* HomePostsTableViewController.h */,
				4923C743160BAC8600AA87A9 /* HomePostsTableViewController.m */,
				49F5730A15F526E1008C5D8B /* AudioController.h */,
				49F5730B15F526E1008C5D8B /* AudioController.m */,
				49A5F65115ED7E2D00D3F73F /* AppDelegate.h */,
				49A5F65215ED7E2D00D3F73F /* AppDelegate.m */,
				49A5F65415ED7E2D00D3F73F /* HomeViewController.h */,
				49A5F65515ED7E2D00D3F73F /* HomeViewController.m */,
				49A5F66215ED7E2D00D3F73F /* HomeViewController.xib */,
				4953389A161CE2D900571DB4 /* TrendingPostsTableViewController.h */,
				4953389B161CE2D900571DB4 /* TrendingPostsTableViewController.m */,
				49A5F64915ED7E2D00D3F73F /* Supporting Files */,
				49A5F66D15EDAE6200D3F73F /* ContactsViewController.h */,
				49A5F66E15EDAE6200D3F73F /* ContactsViewController.m */,
				492D30541613E78700C2EDAC /* ContactsViewController.xib */,
				49533895161CDC0F00571DB4 /* TrendingViewController.h */,
				49533896161CDC0F00571DB4 /* TrendingViewController.m */,
				49533897161CDC0F00571DB4 /* TrendingViewController.xib */,
				49A5F67815EDC24B00D3F73F /* LoginViewController.h */,
				49A5F67915EDC24B00D3F73F /* LoginViewController.m */,
				49A5F67A15EDC24B00D3F73F /* LoginViewController.xib */,
				49A5F68615F05F1C00D3F73F /* AudioPostCell.h */,
				49A5F68715F05F1C00D3F73F /* AudioPostCell.m */,
				49A5F68915F05F6B00D3F73F /* AudioPostCell.xib */,
				498C433E1604D18F005936B4 /* RecordingViewController.h */,
				498C433F1604D18F005936B4 /* RecordingViewController.m */,
				498C43401604D18F005936B4 /* RecordingViewController.xib */,
				493C1393160909BE004C51B6 /* SessionManager.h */,
				493C1394160909BE004C51B6 /* SessionManager.m */,
				49B18B23160AB5FA0076F8DC /* ParseObjects.h */,
				49B18B24160AB5FA0076F8DC /* ParseObjects.m */,
				4928D7241636250D0039807A /* AccountViewController.h */,
				4928D7251636250D0039807A /* AccountViewController.m */,
				4928D7261636250D0039807A /* AccountViewController.xib */,
				49B048741638AD9500639918 /* UserPostsViewController.h */,
				49B048751638AD9600639918 /* UserPostsViewController.m */,
				49B048761638AD9600639918 /* UserPostsViewController.xib */,
				49B048711638AB1600639918 /* UserPostsTableViewController.h */,
				49B048721638AB1600639918 /* UserPostsTableViewController.m */,
			);
			path = grapevine;
			sourceTree = "<group>";
		};
		49A5F64915ED7E2D00D3F73F /* Supporting Files */ = {
			isa = PBXGroup;
			children = (
				49758E56163463FE005C78E6 /* refresh1.png */,
				49A17EF61633200300236107 /* refresh.png */,
				49CC000C1620C1DB0061BBFE /* 53-house.png */,
				49CC000A1620C1BC0061BBFE /* 16-line-chart.png */,
				49540CCB15FB765A00AF4D08 /* button.png */,
				492AAC7115F6F045001A94AD /* share.jpeg */,
				49540CCE15FB774A00AF4D08 /* RecordButtonPressed.png */,
				492AAC6D15F6E36B001A94AD /* pause.png */,
				49B0485616372E3700639918 /* navbarbackground.png */,
				492AAC6E15F6E36B001A94AD /* play.png */,
				492AAC6615F6CF1F001A94AD /* RecordButton1.png */,
				49716FA415F8021C00A32FB5 /* RecordButton1Pressed.png */,
				492AAC6915F6CF3D001A94AD /* musical_note_small.jpeg */,
				492AAC6B15F6D8C6001A94AD /* Silver-Play-Button_small.jpeg */,
				49F572ED15F26722008C5D8B /* unchecked.png */,
				49F572EA15F2670C008C5D8B /* checked.png */,
				49A5F6A215F1585800D3F73F /* TalkingToTheMoon.ttf */,
				49A5F68B15F060BE00D3F73F /* IanGillis.jpg */,
				49A5F67D15EDCD0600D3F73F /* fb-login-normal.png */,
				49A5F64A15ED7E2D00D3F73F /* grapevine-Info.plist */,
				49A5F64B15ED7E2D00D3F73F /* InfoPlist.strings */,
				49A5F64E15ED7E2D00D3F73F /* main.m */,
				49A5F65015ED7E2D00D3F73F /* grapevine-Prefix.pch */,
			);
			name = "Supporting Files";
			sourceTree = "<group>";
		};
/* End PBXGroup section */

/* Begin PBXNativeTarget section */
		49A5F63D15ED7E2D00D3F73F /* grapevine */ = {
			isa = PBXNativeTarget;
			buildConfigurationList = 49A5F66A15ED7E2D00D3F73F /* Build configuration list for PBXNativeTarget "grapevine" */;
			buildPhases = (
				49A5F63A15ED7E2D00D3F73F /* Sources */,
				49A5F63B15ED7E2D00D3F73F /* Frameworks */,
				49A5F63C15ED7E2D00D3F73F /* Resources */,
			);
			buildRules = (
			);
			dependencies = (
			);
			name = grapevine;
			productName = grapevine;
			productReference = 49A5F63E15ED7E2D00D3F73F /* grapevine.app */;
			productType = "com.apple.product-type.application";
		};
/* End PBXNativeTarget section */

/* Begin PBXProject section */
		49A5F63515ED7E2D00D3F73F /* Project object */ = {
			isa = PBXProject;
			attributes = {
				LastUpgradeCheck = 0440;
				ORGANIZATIONNAME = "Ian Gillis";
			};
			buildConfigurationList = 49A5F63815ED7E2D00D3F73F /* Build configuration list for PBXProject "grapevine" */;
			compatibilityVersion = "Xcode 3.2";
			developmentRegion = English;
			hasScannedForEncodings = 0;
			knownRegions = (
				en,
			);
			mainGroup = 49A5F63315ED7E2D00D3F73F;
			productRefGroup = 49A5F63F15ED7E2D00D3F73F /* Products */;
			projectDirPath = "";
			projectRoot = "";
			targets = (
				49A5F63D15ED7E2D00D3F73F /* grapevine */,
			);
		};
/* End PBXProject section */

/* Begin PBXResourcesBuildPhase section */
		49A5F63C15ED7E2D00D3F73F /* Resources */ = {
			isa = PBXResourcesBuildPhase;
			buildActionMask = 2147483647;
			files = (
				49A5F64D15ED7E2D00D3F73F /* InfoPlist.strings in Resources */,
				49A5F66415ED7E2D00D3F73F /* HomeViewController.xib in Resources */,
				49A5F67C15EDC24B00D3F73F /* LoginViewController.xib in Resources */,
				49A5F67E15EDCD0600D3F73F /* fb-login-normal.png in Resources */,
				49A5F68A15F05F6B00D3F73F /* AudioPostCell.xib in Resources */,
				49A5F68C15F060BE00D3F73F /* IanGillis.jpg in Resources */,
				49A5F6A415F1585800D3F73F /* TalkingToTheMoon.ttf in Resources */,
				49F572EB15F2670C008C5D8B /* checked.png in Resources */,
				49F572EE15F26722008C5D8B /* unchecked.png in Resources */,
				492AAC6715F6CF1F001A94AD /* RecordButton1.png in Resources */,
				492AAC6A15F6CF3D001A94AD /* musical_note_small.jpeg in Resources */,
				492AAC6C15F6D8C6001A94AD /* Silver-Play-Button_small.jpeg in Resources */,
				492AAC6F15F6E36B001A94AD /* pause.png in Resources */,
				492AAC7015F6E36B001A94AD /* play.png in Resources */,
				492AAC7215F6F045001A94AD /* share.jpeg in Resources */,
				49716FA515F8021C00A32FB5 /* RecordButton1Pressed.png in Resources */,
				49540CCC15FB765A00AF4D08 /* button.png in Resources */,
				49540CCF15FB774A00AF4D08 /* RecordButtonPressed.png in Resources */,
				498C43421604D18F005936B4 /* RecordingViewController.xib in Resources */,
				492D30551613E78700C2EDAC /* ContactsViewController.xib in Resources */,
				49533899161CDC0F00571DB4 /* TrendingViewController.xib in Resources */,
				49CC000B1620C1BC0061BBFE /* 16-line-chart.png in Resources */,
				49CC000D1620C1DB0061BBFE /* 53-house.png in Resources */,
				49A17EF71633200300236107 /* refresh.png in Resources */,
				49758E57163463FE005C78E6 /* refresh1.png in Resources */,
				4928D7281636250D0039807A /* AccountViewController.xib in Resources */,
				49B0485716372E3700639918 /* navbarbackground.png in Resources */,
				49B048781638AD9600639918 /* UserPostsViewController.xib in Resources */,
			);
			runOnlyForDeploymentPostprocessing = 0;
		};
/* End PBXResourcesBuildPhase section */

/* Begin PBXSourcesBuildPhase section */
		49A5F63A15ED7E2D00D3F73F /* Sources */ = {
			isa = PBXSourcesBuildPhase;
			buildActionMask = 2147483647;
			files = (
				49A5F64F15ED7E2D00D3F73F /* main.m in Sources */,
				49A5F65315ED7E2D00D3F73F /* AppDelegate.m in Sources */,
				49A5F65615ED7E2D00D3F73F /* HomeViewController.m in Sources */,
				49A5F67015EDAE6200D3F73F /* ContactsViewController.m in Sources */,
				49A5F67B15EDC24B00D3F73F /* LoginViewController.m in Sources */,
				49A5F68815F05F1C00D3F73F /* AudioPostCell.m in Sources */,
				49F5730C15F526E1008C5D8B /* AudioController.m in Sources */,
				498C43411604D18F005936B4 /* RecordingViewController.m in Sources */,
				493C1395160909BE004C51B6 /* SessionManager.m in Sources */,
				49B18B25160AB5FA0076F8DC /* ParseObjects.m in Sources */,
				4923C744160BAC8600AA87A9 /* HomePostsTableViewController.m in Sources */,
				49533898161CDC0F00571DB4 /* TrendingViewController.m in Sources */,
				4953389C161CE2D900571DB4 /* TrendingPostsTableViewController.m in Sources */,
				4969D41A161E303E00322B92 /* PostsTableViewController.m in Sources */,
				4928D7271636250D0039807A /* AccountViewController.m in Sources */,
				49B048731638AB1600639918 /* UserPostsTableViewController.m in Sources */,
				49B048771638AD9600639918 /* UserPostsViewController.m in Sources */,
			);
			runOnlyForDeploymentPostprocessing = 0;
		};
/* End PBXSourcesBuildPhase section */

/* Begin PBXVariantGroup section */
		49A5F64B15ED7E2D00D3F73F /* InfoPlist.strings */ = {
			isa = PBXVariantGroup;
			children = (
				49A5F64C15ED7E2D00D3F73F /* en */,
			);
			name = InfoPlist.strings;
			sourceTree = "<group>";
		};
		49A5F66215ED7E2D00D3F73F /* HomeViewController.xib */ = {
			isa = PBXVariantGroup;
			children = (
				49A5F66315ED7E2D00D3F73F /* en */,
			);
			name = HomeViewController.xib;
			sourceTree = "<group>";
		};
/* End PBXVariantGroup section */

/* Begin XCBuildConfiguration section */
		49A5F66815ED7E2D00D3F73F /* Debug */ = {
			isa = XCBuildConfiguration;
			buildSettings = {
				ALWAYS_SEARCH_USER_PATHS = NO;
				ARCHS = "$(ARCHS_STANDARD_32_BIT)";
				CLANG_CXX_LANGUAGE_STANDARD = "gnu++0x";
				CLANG_ENABLE_OBJC_ARC = YES;
				CLANG_WARN__DUPLICATE_METHOD_MATCH = YES;
				CODE_SIGN_IDENTITY = "iPhone Developer: Ian Gillis (K89S3EFLAB)";
				"CODE_SIGN_IDENTITY[sdk=iphoneos*]" = "iPhone Developer";
				COPY_PHASE_STRIP = NO;
				GCC_C_LANGUAGE_STANDARD = gnu99;
				GCC_DYNAMIC_NO_PIC = NO;
				GCC_OPTIMIZATION_LEVEL = 0;
				GCC_PREPROCESSOR_DEFINITIONS = (
					"DEBUG=1",
					"$(inherited)",
				);
				GCC_SYMBOLS_PRIVATE_EXTERN = NO;
				GCC_VERSION = com.apple.compilers.llvm.clang.1_0;
				GCC_WARN_ABOUT_RETURN_TYPE = YES;
				GCC_WARN_UNINITIALIZED_AUTOS = YES;
				GCC_WARN_UNUSED_VARIABLE = YES;
				IPHONEOS_DEPLOYMENT_TARGET = 5.1;
				PROVISIONING_PROFILE = "CEAA85D6-2C9C-4B04-9FED-C9A0A4F6EE9C";
				SDKROOT = iphoneos;
			};
			name = Debug;
		};
		49A5F66915ED7E2D00D3F73F /* Release */ = {
			isa = XCBuildConfiguration;
			buildSettings = {
				ALWAYS_SEARCH_USER_PATHS = NO;
				ARCHS = "$(ARCHS_STANDARD_32_BIT)";
				CLANG_CXX_LANGUAGE_STANDARD = "gnu++0x";
				CLANG_ENABLE_OBJC_ARC = YES;
				CLANG_WARN__DUPLICATE_METHOD_MATCH = YES;
				CODE_SIGN_IDENTITY = "iPhone Developer: Ian Gillis (K89S3EFLAB)";
				"CODE_SIGN_IDENTITY[sdk=iphoneos*]" = "iPhone Developer";
				COPY_PHASE_STRIP = YES;
				GCC_C_LANGUAGE_STANDARD = gnu99;
				GCC_VERSION = com.apple.compilers.llvm.clang.1_0;
				GCC_WARN_ABOUT_RETURN_TYPE = YES;
				GCC_WARN_UNINITIALIZED_AUTOS = YES;
				GCC_WARN_UNUSED_VARIABLE = YES;
				IPHONEOS_DEPLOYMENT_TARGET = 5.1;
				OTHER_CFLAGS = "-DNS_BLOCK_ASSERTIONS=1";
				PROVISIONING_PROFILE = "CEAA85D6-2C9C-4B04-9FED-C9A0A4F6EE9C";
				SDKROOT = iphoneos;
				VALIDATE_PRODUCT = YES;
			};
			name = Release;
		};
		49A5F66B15ED7E2D00D3F73F /* Debug */ = {
			isa = XCBuildConfiguration;
			buildSettings = {
				CODE_SIGN_IDENTITY = "iPhone Developer: Ian Gillis (K89S3EFLAB)";
				FRAMEWORK_SEARCH_PATHS = (
					"$(inherited)",
					"\"$(SRCROOT)/../../FacebookSDK\"",
					"\"$(SRCROOT)\"",
				);
				GCC_PRECOMPILE_PREFIX_HEADER = YES;
				GCC_PREFIX_HEADER = "grapevine/grapevine-Prefix.pch";
				INFOPLIST_FILE = "grapevine/grapevine-Info.plist";
				OTHER_LDFLAGS = "-lsqlite3.0";
				PRODUCT_NAME = "$(TARGET_NAME)";
				PROVISIONING_PROFILE = "CEAA85D6-2C9C-4B04-9FED-C9A0A4F6EE9C";
				TARGETED_DEVICE_FAMILY = 1;
				WRAPPER_EXTENSION = app;
			};
			name = Debug;
		};
		49A5F66C15ED7E2D00D3F73F /* Release */ = {
			isa = XCBuildConfiguration;
			buildSettings = {
				CODE_SIGN_IDENTITY = "iPhone Distribution: Ian Gillis";
				FRAMEWORK_SEARCH_PATHS = (
					"$(inherited)",
					"\"$(SRCROOT)/../../FacebookSDK\"",
					"\"$(SRCROOT)\"",
				);
				GCC_PRECOMPILE_PREFIX_HEADER = YES;
				GCC_PREFIX_HEADER = "grapevine/grapevine-Prefix.pch";
				INFOPLIST_FILE = "grapevine/grapevine-Info.plist";
				OTHER_LDFLAGS = "-lsqlite3.0";
				PRODUCT_NAME = "$(TARGET_NAME)";
				PROVISIONING_PROFILE = "699B2424-5CCC-4EAD-B2EC-A0EE39656329";
				TARGETED_DEVICE_FAMILY = 1;
				WRAPPER_EXTENSION = app;
			};
			name = Release;
		};
/* End XCBuildConfiguration section */

/* Begin XCConfigurationList section */
		49A5F63815ED7E2D00D3F73F /* Build configuration list for PBXProject "grapevine" */ = {
			isa = XCConfigurationList;
			buildConfigurations = (
				49A5F66815ED7E2D00D3F73F /* Debug */,
				49A5F66915ED7E2D00D3F73F /* Release */,
			);
			defaultConfigurationIsVisible = 0;
			defaultConfigurationName = Release;
		};
		49A5F66A15ED7E2D00D3F73F /* Build configuration list for PBXNativeTarget "grapevine" */ = {
			isa = XCConfigurationList;
			buildConfigurations = (
				49A5F66B15ED7E2D00D3F73F /* Debug */,
				49A5F66C15ED7E2D00D3F73F /* Release */,
			);
			defaultConfigurationIsVisible = 0;
			defaultConfigurationName = Release;
		};
/* End XCConfigurationList section */
	};
	rootObject = 49A5F63515ED7E2D00D3F73F /* Project object */;
}
